// !$*UTF8*$!
{
	archiveVersion = 1;
	classes = {
	};
	objectVersion = 55;
	objects = {

/* Begin PBXBuildFile section */
		18461B3428CAB00B008EB721 /* AppDelegate.swift in Sources */ = {isa = PBXBuildFile; fileRef = 18461B3328CAB00B008EB721 /* AppDelegate.swift */; };
		18461B3628CAB00B008EB721 /* SceneDelegate.swift in Sources */ = {isa = PBXBuildFile; fileRef = 18461B3528CAB00B008EB721 /* SceneDelegate.swift */; };
		18461B3828CAB00B008EB721 /* ViewController.swift in Sources */ = {isa = PBXBuildFile; fileRef = 18461B3728CAB00B008EB721 /* ViewController.swift */; };
		18461B3B28CAB00B008EB721 /* Main.storyboard in Resources */ = {isa = PBXBuildFile; fileRef = 18461B3928CAB00B008EB721 /* Main.storyboard */; };
		18461B3D28CAB00D008EB721 /* Assets.xcassets in Resources */ = {isa = PBXBuildFile; fileRef = 18461B3C28CAB00D008EB721 /* Assets.xcassets */; };
		18461B4028CAB00D008EB721 /* LaunchScreen.storyboard in Resources */ = {isa = PBXBuildFile; fileRef = 18461B3E28CAB00D008EB721 /* LaunchScreen.storyboard */; };
		18461B4B28CAB00D008EB721 /* flashcardTests.swift in Sources */ = {isa = PBXBuildFile; fileRef = 18461B4A28CAB00D008EB721 /* flashcardTests.swift */; };
		18461B5528CAB00D008EB721 /* flashcardUITests.swift in Sources */ = {isa = PBXBuildFile; fileRef = 18461B5428CAB00D008EB721 /* flashcardUITests.swift */; };
		18461B5728CAB00D008EB721 /* flashcardUITestsLaunchTests.swift in Sources */ = {isa = PBXBuildFile; fileRef = 18461B5628CAB00D008EB721 /* flashcardUITestsLaunchTests.swift */; };
/* End PBXBuildFile section */

/* Begin PBXContainerItemProxy section */
		18461B4728CAB00D008EB721 /* PBXContainerItemProxy */ = {
			isa = PBXContainerItemProxy;
			containerPortal = 18461B2828CAB00B008EB721 /* Project object */;
			proxyType = 1;
			remoteGlobalIDString = 18461B2F28CAB00B008EB721;
			remoteInfo = flashcard;
		};
		18461B5128CAB00D008EB721 /* PBXContainerItemProxy */ = {
			isa = PBXContainerItemProxy;
			containerPortal = 18461B2828CAB00B008EB721 /* Project object */;
			proxyType = 1;
			remoteGlobalIDString = 18461B2F28CAB00B008EB721;
			remoteInfo = flashcard;
		};
/* End PBXContainerItemProxy section */

/* Begin PBXFileReference section */
		18461B3028CAB00B008EB721 /* flashcard.app */ = {isa = PBXFileReference; explicitFileType = wrapper.application; includeInIndex = 0; path = flashcard.app; sourceTree = BUILT_PRODUCTS_DIR; };
		18461B3328CAB00B008EB721 /* AppDelegate.swift */ = {isa = PBXFileReference; lastKnownFileType = sourcecode.swift; path = AppDelegate.swift; sourceTree = "<group>"; };
		18461B3528CAB00B008EB721 /* SceneDelegate.swift */ = {isa = PBXFileReference; lastKnownFileType = sourcecode.swift; path = SceneDelegate.swift; sourceTree = "<group>"; };
		18461B3728CAB00B008EB721 /* ViewController.swift */ = {isa = PBXFileReference; lastKnownFileType = sourcecode.swift; path = ViewController.swift; sourceTree = "<group>"; };
		18461B3A28CAB00B008EB721 /* Base */ = {isa = PBXFileReference; lastKnownFileType = file.storyboard; name = Base; path = Base.lproj/Main.storyboard; sourceTree = "<group>"; };
		18461B3C28CAB00D008EB721 /* Assets.xcassets */ = {isa = PBXFileReference; lastKnownFileType = folder.assetcatalog; path = Assets.xcassets; sourceTree = "<group>"; };
		18461B3F28CAB00D008EB721 /* Base */ = {isa = PBXFileReference; lastKnownFileType = file.storyboard; name = Base; path = Base.lproj/LaunchScreen.storyboard; sourceTree = "<group>"; };
		18461B4128CAB00D008EB721 /* Info.plist */ = {isa = PBXFileReference; lastKnownFileType = text.plist.xml; path = Info.plist; sourceTree = "<group>"; };
		18461B4628CAB00D008EB721 /* flashcardTests.xctest */ = {isa = PBXFileReference; explicitFileType = wrapper.cfbundle; includeInIndex = 0; path = flashcardTests.xctest; sourceTree = BUILT_PRODUCTS_DIR; };
		18461B4A28CAB00D008EB721 /* flashcardTests.swift */ = {isa = PBXFileReference; lastKnownFileType = sourcecode.swift; path = flashcardTests.swift; sourceTree = "<group>"; };
		18461B5028CAB00D008EB721 /* flashcardUITests.xctest */ = {isa = PBXFileReference; explicitFileType = wrapper.cfbundle; includeInIndex = 0; path = flashcardUITests.xctest; sourceTree = BUILT_PRODUCTS_DIR; };
		18461B5428CAB00D008EB721 /* flashcardUITests.swift */ = {isa = PBXFileReference; lastKnownFileType = sourcecode.swift; path = flashcardUITests.swift; sourceTree = "<group>"; };
		18461B5628CAB00D008EB721 /* flashcardUITestsLaunchTests.swift */ = {isa = PBXFileReference; lastKnownFileType = sourcecode.swift; path = flashcardUITestsLaunchTests.swift; sourceTree = "<group>"; };
/* End PBXFileReference section */

/* Begin PBXFrameworksBuildPhase section */
		18461B2D28CAB00B008EB721 /* Frameworks */ = {
			isa = PBXFrameworksBuildPhase;
			buildActionMask = 2147483647;
			files = (
			);
			runOnlyForDeploymentPostprocessing = 0;
		};
		18461B4328CAB00D008EB721 /* Frameworks */ = {
			isa = PBXFrameworksBuildPhase;
			buildActionMask = 2147483647;
			files = (
			);
			runOnlyForDeploymentPostprocessing = 0;
		};
		18461B4D28CAB00D008EB721 /* Frameworks */ = {
			isa = PBXFrameworksBuildPhase;
			buildActionMask = 2147483647;
			files = (
			);
			runOnlyForDeploymentPostprocessing = 0;
		};
/* End PBXFrameworksBuildPhase section */

/* Begin PBXGroup section */
		18461B2728CAB00B008EB721 = {
			isa = PBXGroup;
			children = (
				18461B3228CAB00B008EB721 /* flashcard */,
				18461B4928CAB00D008EB721 /* flashcardTests */,
				18461B5328CAB00D008EB721 /* flashcardUITests */,
				18461B3128CAB00B008EB721 /* Products */,
			);
			sourceTree = "<group>";
		};
		18461B3128CAB00B008EB721 /* Products */ = {
			isa = PBXGroup;
			children = (
				18461B3028CAB00B008EB721 /* flashcard.app */,
				18461B4628CAB00D008EB721 /* flashcardTests.xctest */,
				18461B5028CAB00D008EB721 /* flashcardUITests.xctest */,
			);
			name = Products;
			sourceTree = "<group>";
		};
		18461B3228CAB00B008EB721 /* flashcard */ = {
			isa = PBXGroup;
			children = (
				18461B3328CAB00B008EB721 /* AppDelegate.swift */,
				18461B3528CAB00B008EB721 /* SceneDelegate.swift */,
				18461B3728CAB00B008EB721 /* ViewController.swift */,
				18461B3928CAB00B008EB721 /* Main.storyboard */,
				18461B3C28CAB00D008EB721 /* Assets.xcassets */,
				18461B3E28CAB00D008EB721 /* LaunchScreen.storyboard */,
				18461B4128CAB00D008EB721 /* Info.plist */,
			);
			path = flashcard;
			sourceTree = "<group>";
		};
		18461B4928CAB00D008EB721 /* flashcardTests */ = {
			isa = PBXGroup;
			children = (
				18461B4A28CAB00D008EB721 /* flashcardTests.swift */,
			);
			path = flashcardTests;
			sourceTree = "<group>";
		};
		18461B5328CAB00D008EB721 /* flashcardUITests */ = {
			isa = PBXGroup;
			children = (
				18461B5428CAB00D008EB721 /* flashcardUITests.swift */,
				18461B5628CAB00D008EB721 /* flashcardUITestsLaunchTests.swift */,
			);
			path = flashcardUITests;
			sourceTree = "<group>";
		};
/* End PBXGroup section */

/* Begin PBXNativeTarget section */
		18461B2F28CAB00B008EB721 /* flashcard */ = {
			isa = PBXNativeTarget;
			buildConfigurationList = 18461B5A28CAB00D008EB721 /* Build configuration list for PBXNativeTarget "flashcard" */;
			buildPhases = (
				18461B2C28CAB00B008EB721 /* Sources */,
				18461B2D28CAB00B008EB721 /* Frameworks */,
				18461B2E28CAB00B008EB721 /* Resources */,
			);
			buildRules = (
			);
			dependencies = (
			);
			name = flashcard;
			productName = flashcard;
			productReference = 18461B3028CAB00B008EB721 /* flashcard.app */;
			productType = "com.apple.product-type.application";
		};
		18461B4528CAB00D008EB721 /* flashcardTests */ = {
			isa = PBXNativeTarget;
			buildConfigurationList = 18461B5D28CAB00D008EB721 /* Build configuration list for PBXNativeTarget "flashcardTests" */;
			buildPhases = (
				18461B4228CAB00D008EB721 /* Sources */,
				18461B4328CAB00D008EB721 /* Frameworks */,
				18461B4428CAB00D008EB721 /* Resources */,
			);
			buildRules = (
			);
			dependencies = (
				18461B4828CAB00D008EB721 /* PBXTargetDependency */,
			);
			name = flashcardTests;
			productName = flashcardTests;
			productReference = 18461B4628CAB00D008EB721 /* flashcardTests.xctest */;
			productType = "com.apple.product-type.bundle.unit-test";
		};
		18461B4F28CAB00D008EB721 /* flashcardUITests */ = {
			isa = PBXNativeTarget;
			buildConfigurationList = 18461B6028CAB00D008EB721 /* Build configuration list for PBXNativeTarget "flashcardUITests" */;
			buildPhases = (
				18461B4C28CAB00D008EB721 /* Sources */,
				18461B4D28CAB00D008EB721 /* Frameworks */,
				18461B4E28CAB00D008EB721 /* Resources */,
			);
			buildRules = (
			);
			dependencies = (
				18461B5228CAB00D008EB721 /* PBXTargetDependency */,
			);
			name = flashcardUITests;
			productName = flashcardUITests;
			productReference = 18461B5028CAB00D008EB721 /* flashcardUITests.xctest */;
			productType = "com.apple.product-type.bundle.ui-testing";
		};
/* End PBXNativeTarget section */

/* Begin PBXProject section */
		18461B2828CAB00B008EB721 /* Project object */ = {
			isa = PBXProject;
			attributes = {
				BuildIndependentTargetsInParallel = 1;
				LastSwiftUpdateCheck = 1340;
				LastUpgradeCheck = 1340;
				TargetAttributes = {
					18461B2F28CAB00B008EB721 = {
						CreatedOnToolsVersion = 13.4.1;
					};
					18461B4528CAB00D008EB721 = {
						CreatedOnToolsVersion = 13.4.1;
						TestTargetID = 18461B2F28CAB00B008EB721;
					};
					18461B4F28CAB00D008EB721 = {
						CreatedOnToolsVersion = 13.4.1;
						TestTargetID = 18461B2F28CAB00B008EB721;
					};
				};
			};
			buildConfigurationList = 18461B2B28CAB00B008EB721 /* Build configuration list for PBXProject "flashcard" */;
			compatibilityVersion = "Xcode 13.0";
			developmentRegion = en;
			hasScannedForEncodings = 0;
			knownRegions = (
				en,
				Base,
			);
			mainGroup = 18461B2728CAB00B008EB721;
			productRefGroup = 18461B3128CAB00B008EB721 /* Products */;
			projectDirPath = "";
			projectRoot = "";
			targets = (
				18461B2F28CAB00B008EB721 /* flashcard */,
				18461B4528CAB00D008EB721 /* flashcardTests */,
				18461B4F28CAB00D008EB721 /* flashcardUITests */,
			);
		};
/* End PBXProject section */

/* Begin PBXResourcesBuildPhase section */
		18461B2E28CAB00B008EB721 /* Resources */ = {
			isa = PBXResourcesBuildPhase;
			buildActionMask = 2147483647;
			files = (
				18461B4028CAB00D008EB721 /* LaunchScreen.storyboard in Resources */,
				18461B3D28CAB00D008EB721 /* Assets.xcassets in Resources */,
				18461B3B28CAB00B008EB721 /* Main.storyboard in Resources */,
			);
			runOnlyForDeploymentPostprocessing = 0;
		};
		18461B4428CAB00D008EB721 /* Resources */ = {
			isa = PBXResourcesBuildPhase;
			buildActionMask = 2147483647;
			files = (
			);
			runOnlyForDeploymentPostprocessing = 0;
		};
		18461B4E28CAB00D008EB721 /* Resources */ = {
			isa = PBXResourcesBuildPhase;
			buildActionMask = 2147483647;
			files = (
			);
			runOnlyForDeploymentPostprocessing = 0;
		};
/* End PBXResourcesBuildPhase section */

/* Begin PBXSourcesBuildPhase section */
		18461B2C28CAB00B008EB721 /* Sources */ = {
			isa = PBXSourcesBuildPhase;
			buildActionMask = 2147483647;
			files = (
				18461B3828CAB00B008EB721 /* ViewController.swift in Sources */,
				18461B3428CAB00B008EB721 /* AppDelegate.swift in Sources */,
				18461B3628CAB00B008EB721 /* SceneDelegate.swift in Sources */,
			);
			runOnlyForDeploymentPostprocessing = 0;
		};
		18461B4228CAB00D008EB721 /* Sources */ = {
			isa = PBXSourcesBuildPhase;
			buildActionMask = 2147483647;
			files = (
				18461B4B28CAB00D008EB721 /* flashcardTests.swift in Sources */,
			);
			runOnlyForDeploymentPostprocessing = 0;
		};
		18461B4C28CAB00D008EB721 /* Sources */ = {
			isa = PBXSourcesBuildPhase;
			buildActionMask = 2147483647;
			files = (
				18461B5528CAB00D008EB721 /* flashcardUITests.swift in Sources */,
				18461B5728CAB00D008EB721 /* flashcardUITestsLaunchTests.swift in Sources */,
			);
			runOnlyForDeploymentPostprocessing = 0;
		};
/* End PBXSourcesBuildPhase section */

/* Begin PBXTargetDependency section */
		18461B4828CAB00D008EB721 /* PBXTargetDependency */ = {
			isa = PBXTargetDependency;
			target = 18461B2F28CAB00B008EB721 /* flashcard */;
			targetProxy = 18461B4728CAB00D008EB721 /* PBXContainerItemProxy */;
		};
		18461B5228CAB00D008EB721 /* PBXTargetDependency */ = {
			isa = PBXTargetDependency;
			target = 18461B2F28CAB00B008EB721 /* flashcard */;
			targetProxy = 18461B5128CAB00D008EB721 /* PBXContainerItemProxy */;
		};
/* End PBXTargetDependency section */

/* Begin PBXVariantGroup section */
		18461B3928CAB00B008EB721 /* Main.storyboard */ = {
			isa = PBXVariantGroup;
			children = (
				18461B3A28CAB00B008EB721 /* Base */,
			);
			name = Main.storyboard;
			sourceTree = "<group>";
		};
		18461B3E28CAB00D008EB721 /* LaunchScreen.storyboard */ = {
			isa = PBXVariantGroup;
			children = (
				18461B3F28CAB00D008EB721 /* Base */,
			);
			name = LaunchScreen.storyboard;
			sourceTree = "<group>";
		};
/* End PBXVariantGroup section */

/* Begin XCBuildConfiguration section */
		18461B5828CAB00D008EB721 /* Debug */ = {
			isa = XCBuildConfiguration;
			buildSettings = {
				ALWAYS_SEARCH_USER_PATHS = NO;
				CLANG_ANALYZER_NONNULL = YES;
				CLANG_ANALYZER_NUMBER_OBJECT_CONVERSION = YES_AGGRESSIVE;
				CLANG_CXX_LANGUAGE_STANDARD = "gnu++17";
				CLANG_ENABLE_MODULES = YES;
				CLANG_ENABLE_OBJC_ARC = YES;
				CLANG_ENABLE_OBJC_WEAK = YES;
				CLANG_WARN_BLOCK_CAPTURE_AUTORELEASING = YES;
				CLANG_WARN_BOOL_CONVERSION = YES;
				CLANG_WARN_COMMA = YES;
				CLANG_WARN_CONSTANT_CONVERSION = YES;
				CLANG_WARN_DEPRECATED_OBJC_IMPLEMENTATIONS = YES;
				CLANG_WARN_DIRECT_OBJC_ISA_USAGE = YES_ERROR;
				CLANG_WARN_DOCUMENTATION_COMMENTS = YES;
				CLANG_WARN_EMPTY_BODY = YES;
				CLANG_WARN_ENUM_CONVERSION = YES;
				CLANG_WARN_INFINITE_RECURSION = YES;
				CLANG_WARN_INT_CONVERSION = YES;
				CLANG_WARN_NON_LITERAL_NULL_CONVERSION = YES;
				CLANG_WARN_OBJC_IMPLICIT_RETAIN_SELF = YES;
				CLANG_WARN_OBJC_LITERAL_CONVERSION = YES;
				CLANG_WARN_OBJC_ROOT_CLASS = YES_ERROR;
				CLANG_WARN_QUOTED_INCLUDE_IN_FRAMEWORK_HEADER = YES;
				CLANG_WARN_RANGE_LOOP_ANALYSIS = YES;
				CLANG_WARN_STRICT_PROTOTYPES = YES;
				CLANG_WARN_SUSPICIOUS_MOVE = YES;
				CLANG_WARN_UNGUARDED_AVAILABILITY = YES_AGGRESSIVE;
				CLANG_WARN_UNREACHABLE_CODE = YES;
				CLANG_WARN__DUPLICATE_METHOD_MATCH = YES;
				COPY_PHASE_STRIP = NO;
				DEBUG_INFORMATION_FORMAT = dwarf;
				ENABLE_STRICT_OBJC_MSGSEND = YES;
				ENABLE_TESTABILITY = YES;
				GCC_C_LANGUAGE_STANDARD = gnu11;
				GCC_DYNAMIC_NO_PIC = NO;
				GCC_NO_COMMON_BLOCKS = YES;
				GCC_OPTIMIZATION_LEVEL = 0;
				GCC_PREPROCESSOR_DEFINITIONS = (
					"DEBUG=1",
					"$(inherited)",
				);
				GCC_WARN_64_TO_32_BIT_CONVERSION = YES;
				GCC_WARN_ABOUT_RETURN_TYPE = YES_ERROR;
				GCC_WARN_UNDECLARED_SELECTOR = YES;
				GCC_WARN_UNINITIALIZED_AUTOS = YES_AGGRESSIVE;
				GCC_WARN_UNUSED_FUNCTION = YES;
				GCC_WARN_UNUSED_VARIABLE = YES;
				IPHONEOS_DEPLOYMENT_TARGET = 15.5;
				MTL_ENABLE_DEBUG_INFO = INCLUDE_SOURCE;
				MTL_FAST_MATH = YES;
				ONLY_ACTIVE_ARCH = YES;
				SDKROOT = iphoneos;
				SWIFT_ACTIVE_COMPILATION_CONDITIONS = DEBUG;
				SWIFT_OPTIMIZATION_LEVEL = "-Onone";
			};
			name = Debug;
		};
		18461B5928CAB00D008EB721 /* Release */ = {
			isa = XCBuildConfiguration;
			buildSettings = {
				ALWAYS_SEARCH_USER_PATHS = NO;
				CLANG_ANALYZER_NONNULL = YES;
				CLANG_ANALYZER_NUMBER_OBJECT_CONVERSION = YES_AGGRESSIVE;
				CLANG_CXX_LANGUAGE_STANDARD = "gnu++17";
				CLANG_ENABLE_MODULES = YES;
				CLANG_ENABLE_OBJC_ARC = YES;
				CLANG_ENABLE_OBJC_WEAK = YES;
				CLANG_WARN_BLOCK_CAPTURE_AUTORELEASING = YES;
				CLANG_WARN_BOOL_CONVERSION = YES;
				CLANG_WARN_COMMA = YES;
				CLANG_WARN_CONSTANT_CONVERSION = YES;
				CLANG_WARN_DEPRECATED_OBJC_IMPLEMENTATIONS = YES;
				CLANG_WARN_DIRECT_OBJC_ISA_USAGE = YES_ERROR;
				CLANG_WARN_DOCUMENTATION_COMMENTS = YES;
				CLANG_WARN_EMPTY_BODY = YES;
				CLANG_WARN_ENUM_CONVERSION = YES;
				CLANG_WARN_INFINITE_RECURSION = YES;
				CLANG_WARN_INT_CONVERSION = YES;
				CLANG_WARN_NON_LITERAL_NULL_CONVERSION = YES;
				CLANG_WARN_OBJC_IMPLICIT_RETAIN_SELF = YES;
				CLANG_WARN_OBJC_LITERAL_CONVERSION = YES;
				CLANG_WARN_OBJC_ROOT_CLASS = YES_ERROR;
				CLANG_WARN_QUOTED_INCLUDE_IN_FRAMEWORK_HEADER = YES;
				CLANG_WARN_RANGE_LOOP_ANALYSIS = YES;
				CLANG_WARN_STRICT_PROTOTYPES = YES;
				CLANG_WARN_SUSPICIOUS_MOVE = YES;
				CLANG_WARN_UNGUARDED_AVAILABILITY = YES_AGGRESSIVE;
				CLANG_WARN_UNREACHABLE_CODE = YES;
				CLANG_WARN__DUPLICATE_METHOD_MATCH = YES;
				COPY_PHASE_STRIP = NO;
				DEBUG_INFORMATION_FORMAT = "dwarf-with-dsym";
				ENABLE_NS_ASSERTIONS = NO;
				ENABLE_STRICT_OBJC_MSGSEND = YES;
				GCC_C_LANGUAGE_STANDARD = gnu11;
				GCC_NO_COMMON_BLOCKS = YES;
				GCC_WARN_64_TO_32_BIT_CONVERSION = YES;
				GCC_WARN_ABOUT_RETURN_TYPE = YES_ERROR;
				GCC_WARN_UNDECLARED_SELECTOR = YES;
				GCC_WARN_UNINITIALIZED_AUTOS = YES_AGGRESSIVE;
				GCC_WARN_UNUSED_FUNCTION = YES;
				GCC_WARN_UNUSED_VARIABLE = YES;
				IPHONEOS_DEPLOYMENT_TARGET = 15.5;
				MTL_ENABLE_DEBUG_INFO = NO;
				MTL_FAST_MATH = YES;
				SDKROOT = iphoneos;
				SWIFT_COMPILATION_MODE = wholemodule;
				SWIFT_OPTIMIZATION_LEVEL = "-O";
				VALIDATE_PRODUCT = YES;
			};
			name = Release;
		};
		18461B5B28CAB00D008EB721 /* Debug */ = {
			isa = XCBuildConfiguration;
			buildSettings = {
				ASSETCATALOG_COMPILER_APPICON_NAME = AppIcon;
				ASSETCATALOG_COMPILER_GLOBAL_ACCENT_COLOR_NAME = AccentColor;
				CODE_SIGN_STYLE = Automatic;
				CURRENT_PROJECT_VERSION = 1;
				GENERATE_INFOPLIST_FILE = YES;
				INFOPLIST_FILE = flashcard/Info.plist;
				INFOPLIST_KEY_UIApplicationSupportsIndirectInputEvents = YES;
				INFOPLIST_KEY_UILaunchStoryboardName = LaunchScreen;
				INFOPLIST_KEY_UIMainStoryboardFile = Main;
				INFOPLIST_KEY_UISupportedInterfaceOrientations_iPad = "UIInterfaceOrientationPortrait UIInterfaceOrientationPortraitUpsideDown UIInterfaceOrientationLandscapeLeft UIInterfaceOrientationLandscapeRight";
				INFOPLIST_KEY_UISupportedInterfaceOrientations_iPhone = "UIInterfaceOrientationPortrait UIInterfaceOrientationLandscapeLeft UIInterfaceOrientationLandscapeRight";
				LD_RUNPATH_SEARCH_PATHS = (
					"$(inherited)",
					"@executable_path/Frameworks",
				);
				MARKETING_VERSION = 1.0;
				PRODUCT_BUNDLE_IDENTIFIER = com.kristy.flashcard;
				PRODUCT_NAME = "$(TARGET_NAME)";
				SWIFT_EMIT_LOC_STRINGS = YES;
				SWIFT_VERSION = 5.0;
				TARGETED_DEVICE_FAMILY = "1,2";
			};
			name = Debug;
		};
		18461B5C28CAB00D008EB721 /* Release */ = {
			isa = XCBuildConfiguration;
			buildSettings = {
				ASSETCATALOG_COMPILER_APPICON_NAME = AppIcon;
				ASSETCATALOG_COMPILER_GLOBAL_ACCENT_COLOR_NAME = AccentColor;
				CODE_SIGN_STYLE = Automatic;
				CURRENT_PROJECT_VERSION = 1;
				GENERATE_INFOPLIST_FILE = YES;
				INFOPLIST_FILE = flashcard/Info.plist;
				INFOPLIST_KEY_UIApplicationSupportsIndirectInputEvents = YES;
				INFOPLIST_KEY_UILaunchStoryboardName = LaunchScreen;
				INFOPLIST_KEY_UIMainStoryboardFile = Main;
				INFOPLIST_KEY_UISupportedInterfaceOrientations_iPad = "UIInterfaceOrientationPortrait UIInterfaceOrientationPortraitUpsideDown UIInterfaceOrientationLandscapeLeft UIInterfaceOrientationLandscapeRight";
				INFOPLIST_KEY_UISupportedInterfaceOrientations_iPhone = "UIInterfaceOrientationPortrait UIInterfaceOrientationLandscapeLeft UIInterfaceOrientationLandscapeRight";
				LD_RUNPATH_SEARCH_PATHS = (
					"$(inherited)",
					"@executable_path/Frameworks",
				);
				MARKETING_VERSION = 1.0;
				PRODUCT_BUNDLE_IDENTIFIER = com.kristy.flashcard;
				PRODUCT_NAME = "$(TARGET_NAME)";
				SWIFT_EMIT_LOC_STRINGS = YES;
				SWIFT_VERSION = 5.0;
				TARGETED_DEVICE_FAMILY = "1,2";
			};
			name = Release;
		};
		18461B5E28CAB00D008EB721 /* Debug */ = {
			isa = XCBuildConfiguration;
			buildSettings = {
				ALWAYS_EMBED_SWIFT_STANDARD_LIBRARIES = YES;
				BUNDLE_LOADER = "$(TEST_HOST)";
				CODE_SIGN_STYLE = Automatic;
				CURRENT_PROJECT_VERSION = 1;
				GENERATE_INFOPLIST_FILE = YES;
				IPHONEOS_DEPLOYMENT_TARGET = 15.5;
				MARKETING_VERSION = 1.0;
				PRODUCT_BUNDLE_IDENTIFIER = com.kristy.flashcardTests;
				PRODUCT_NAME = "$(TARGET_NAME)";
				SWIFT_EMIT_LOC_STRINGS = NO;
				SWIFT_VERSION = 5.0;
				TARGETED_DEVICE_FAMILY = "1,2";
				TEST_HOST = "$(BUILT_PRODUCTS_DIR)/flashcard.app/flashcard";
			};
			name = Debug;
		};
		18461B5F28CAB00D008EB721 /* Release */ = {
			isa = XCBuildConfiguration;
			buildSettings = {
				ALWAYS_EMBED_SWIFT_STANDARD_LIBRARIES = YES;
				BUNDLE_LOADER = "$(TEST_HOST)";
				CODE_SIGN_STYLE = Automatic;
				CURRENT_PROJECT_VERSION = 1;
				GENERATE_INFOPLIST_FILE = YES;
				IPHONEOS_DEPLOYMENT_TARGET = 15.5;
				MARKETING_VERSION = 1.0;
				PRODUCT_BUNDLE_IDENTIFIER = com.kristy.flashcardTests;
				PRODUCT_NAME = "$(TARGET_NAME)";
				SWIFT_EMIT_LOC_STRINGS = NO;
				SWIFT_VERSION = 5.0;
				TARGETED_DEVICE_FAMILY = "1,2";
				TEST_HOST = "$(BUILT_PRODUCTS_DIR)/flashcard.app/flashcard";
			};
			name = Release;
		};
		18461B6128CAB00D008EB721 /* Debug */ = {
			isa = XCBuildConfiguration;
			buildSettings = {
				ALWAYS_EMBED_SWIFT_STANDARD_LIBRARIES = YES;
				CODE_SIGN_STYLE = Automatic;
				CURRENT_PROJECT_VERSION = 1;
				GENERATE_INFOPLIST_FILE = YES;
				MARKETING_VERSION = 1.0;
				PRODUCT_BUNDLE_IDENTIFIER = com.kristy.flashcardUITests;
				PRODUCT_NAME = "$(TARGET_NAME)";
				SWIFT_EMIT_LOC_STRINGS = NO;
				SWIFT_VERSION = 5.0;
				TARGETED_DEVICE_FAMILY = "1,2";
				TEST_TARGET_NAME = flashcard;
			};
			name = Debug;
		};
		18461B6228CAB00D008EB721 /* Release */ = {
			isa = XCBuildConfiguration;
			buildSettings = {
				ALWAYS_EMBED_SWIFT_STANDARD_LIBRARIES = YES;
				CODE_SIGN_STYLE = Automatic;
				CURRENT_PROJECT_VERSION = 1;
				GENERATE_INFOPLIST_FILE = YES;
				MARKETING_VERSION = 1.0;
				PRODUCT_BUNDLE_IDENTIFIER = com.kristy.flashcardUITests;
				PRODUCT_NAME = "$(TARGET_NAME)";
				SWIFT_EMIT_LOC_STRINGS = NO;
				SWIFT_VERSION = 5.0;
				TARGETED_DEVICE_FAMILY = "1,2";
				TEST_TARGET_NAME = flashcard;
			};
			name = Release;
		};
/* End XCBuildConfiguration section */

/* Begin XCConfigurationList section */
		18461B2B28CAB00B008EB721 /* Build configuration list for PBXProject "flashcard" */ = {
			isa = XCConfigurationList;
			buildConfigurations = (
				18461B5828CAB00D008EB721 /* Debug */,
				18461B5928CAB00D008EB721 /* Release */,
			);
			defaultConfigurationIsVisible = 0;
			defaultConfigurationName = Release;
		};
		18461B5A28CAB00D008EB721 /* Build configuration list for PBXNativeTarget "flashcard" */ = {
			isa = XCConfigurationList;
			buildConfigurations = (
				18461B5B28CAB00D008EB721 /* Debug */,
				18461B5C28CAB00D008EB721 /* Release */,
			);
			defaultConfigurationIsVisible = 0;
			defaultConfigurationName = Release;
		};
		18461B5D28CAB00D008EB721 /* Build configuration list for PBXNativeTarget "flashcardTests" */ = {
			isa = XCConfigurationList;
			buildConfigurations = (
				18461B5E28CAB00D008EB721 /* Debug */,
				18461B5F28CAB00D008EB721 /* Release */,
			);
			defaultConfigurationIsVisible = 0;
			defaultConfigurationName = Release;
		};
		18461B6028CAB00D008EB721 /* Build configuration list for PBXNativeTarget "flashcardUITests" */ = {
			isa = XCConfigurationList;
			buildConfigurations = (
				18461B6128CAB00D008EB721 /* Debug */,
				18461B6228CAB00D008EB721 /* Release */,
			);
			defaultConfigurationIsVisible = 0;
			defaultConfigurationName = Release;
		};
/* End XCConfigurationList section */
	};
	rootObject = 18461B2828CAB00B008EB721 /* Project object */;
}
